// !$*UTF8*$!
{
	archiveVersion = 1;
	classes = {
	};
	objectVersion = 55;
	objects = {

/* Begin PBXBuildFile section */
		A3229FA527EB8997005958EB /* CurrentWeather.swift in Sources */ = {isa = PBXBuildFile; fileRef = A3229FA427EB8997005958EB /* CurrentWeather.swift */; };
		A35F4B1927E8DB0F0087BA71 /* AppDelegate.swift in Sources */ = {isa = PBXBuildFile; fileRef = A35F4B1827E8DB0F0087BA71 /* AppDelegate.swift */; };
		A35F4B1B27E8DB0F0087BA71 /* SceneDelegate.swift in Sources */ = {isa = PBXBuildFile; fileRef = A35F4B1A27E8DB0F0087BA71 /* SceneDelegate.swift */; };
		A35F4B1D27E8DB0F0087BA71 /* ViewController.swift in Sources */ = {isa = PBXBuildFile; fileRef = A35F4B1C27E8DB0F0087BA71 /* ViewController.swift */; };
		A35F4B2027E8DB0F0087BA71 /* Main.storyboard in Resources */ = {isa = PBXBuildFile; fileRef = A35F4B1E27E8DB0F0087BA71 /* Main.storyboard */; };
		A35F4B2227E8DB100087BA71 /* Assets.xcassets in Resources */ = {isa = PBXBuildFile; fileRef = A35F4B2127E8DB100087BA71 /* Assets.xcassets */; };
		A35F4B2527E8DB100087BA71 /* LaunchScreen.storyboard in Resources */ = {isa = PBXBuildFile; fileRef = A35F4B2327E8DB100087BA71 /* LaunchScreen.storyboard */; };
		A35F4B3327E8EE9B0087BA71 /* AllertController.swift in Sources */ = {isa = PBXBuildFile; fileRef = A35F4B3227E8EE9B0087BA71 /* AllertController.swift */; };
		A37C0D1527EA3A5A00A1BBB4 /* NetworkManager.swift in Sources */ = {isa = PBXBuildFile; fileRef = A37C0D1427EA3A5A00A1BBB4 /* NetworkManager.swift */; };
		A37C0D1727EA3FD600A1BBB4 /* Constants.swift in Sources */ = {isa = PBXBuildFile; fileRef = A37C0D1627EA3FD600A1BBB4 /* Constants.swift */; };
		A37C0D1927EA4D9C00A1BBB4 /* CurrentWeatherData.swift in Sources */ = {isa = PBXBuildFile; fileRef = A37C0D1827EA4D9C00A1BBB4 /* CurrentWeatherData.swift */; };
/* End PBXBuildFile section */

/* Begin PBXFileReference section */
		A3229FA427EB8997005958EB /* CurrentWeather.swift */ = {isa = PBXFileReference; lastKnownFileType = sourcecode.swift; path = CurrentWeather.swift; sourceTree = "<group>"; };
		A35F4B1527E8DB0F0087BA71 /* Moment World Weather.app */ = {isa = PBXFileReference; explicitFileType = wrapper.application; includeInIndex = 0; path = "Moment World Weather.app"; sourceTree = BUILT_PRODUCTS_DIR; };
		A35F4B1827E8DB0F0087BA71 /* AppDelegate.swift */ = {isa = PBXFileReference; lastKnownFileType = sourcecode.swift; path = AppDelegate.swift; sourceTree = "<group>"; };
		A35F4B1A27E8DB0F0087BA71 /* SceneDelegate.swift */ = {isa = PBXFileReference; lastKnownFileType = sourcecode.swift; path = SceneDelegate.swift; sourceTree = "<group>"; };
		A35F4B1C27E8DB0F0087BA71 /* ViewController.swift */ = {isa = PBXFileReference; lastKnownFileType = sourcecode.swift; path = ViewController.swift; sourceTree = "<group>"; };
		A35F4B1F27E8DB0F0087BA71 /* Base */ = {isa = PBXFileReference; lastKnownFileType = file.storyboard; name = Base; path = Base.lproj/Main.storyboard; sourceTree = "<group>"; };
		A35F4B2127E8DB100087BA71 /* Assets.xcassets */ = {isa = PBXFileReference; lastKnownFileType = folder.assetcatalog; path = Assets.xcassets; sourceTree = "<group>"; };
		A35F4B2427E8DB100087BA71 /* Base */ = {isa = PBXFileReference; lastKnownFileType = file.storyboard; name = Base; path = Base.lproj/LaunchScreen.storyboard; sourceTree = "<group>"; };
		A35F4B2627E8DB100087BA71 /* Info.plist */ = {isa = PBXFileReference; lastKnownFileType = text.plist.xml; path = Info.plist; sourceTree = "<group>"; };
		A35F4B3227E8EE9B0087BA71 /* AllertController.swift */ = {isa = PBXFileReference; lastKnownFileType = sourcecode.swift; path = AllertController.swift; sourceTree = "<group>"; };
		A37C0D1427EA3A5A00A1BBB4 /* NetworkManager.swift */ = {isa = PBXFileReference; lastKnownFileType = sourcecode.swift; path = NetworkManager.swift; sourceTree = "<group>"; };
		A37C0D1627EA3FD600A1BBB4 /* Constants.swift */ = {isa = PBXFileReference; lastKnownFileType = sourcecode.swift; path = Constants.swift; sourceTree = "<group>"; };
		A37C0D1827EA4D9C00A1BBB4 /* CurrentWeatherData.swift */ = {isa = PBXFileReference; lastKnownFileType = sourcecode.swift; path = CurrentWeatherData.swift; sourceTree = "<group>"; };
/* End PBXFileReference section */

/* Begin PBXFrameworksBuildPhase section */
		A35F4B1227E8DB0F0087BA71 /* Frameworks */ = {
			isa = PBXFrameworksBuildPhase;
			buildActionMask = 2147483647;
			files = (
			);
			runOnlyForDeploymentPostprocessing = 0;
		};
/* End PBXFrameworksBuildPhase section */

/* Begin PBXGroup section */
		A35F4B0C27E8DB0F0087BA71 = {
			isa = PBXGroup;
			children = (
				A35F4B1727E8DB0F0087BA71 /* Moment World Weather */,
				A35F4B1627E8DB0F0087BA71 /* Products */,
			);
			sourceTree = "<group>";
		};
		A35F4B1627E8DB0F0087BA71 /* Products */ = {
			isa = PBXGroup;
			children = (
				A35F4B1527E8DB0F0087BA71 /* Moment World Weather.app */,
			);
			name = Products;
			sourceTree = "<group>";
		};
		A35F4B1727E8DB0F0087BA71 /* Moment World Weather */ = {
			isa = PBXGroup;
			children = (
				A35F4B2627E8DB100087BA71 /* Info.plist */,
				A35F4B2C27E8DBE80087BA71 /* Extensions */,
				A35F4B2D27E8DBFA0087BA71 /* Views */,
				A35F4B3027E8DC4D0087BA71 /* Models */,
				A35F4B2E27E8DC190087BA71 /* View Controllers */,
				A35F4B2F27E8DC2F0087BA71 /* Supporting Files */,
			);
			path = "Moment World Weather";
			sourceTree = "<group>";
		};
		A35F4B2C27E8DBE80087BA71 /* Extensions */ = {
			isa = PBXGroup;
			children = (
				A35F4B3227E8EE9B0087BA71 /* AllertController.swift */,
			);
			path = Extensions;
			sourceTree = "<group>";
		};
		A35F4B2D27E8DBFA0087BA71 /* Views */ = {
			isa = PBXGroup;
			children = (
				A35F4B1E27E8DB0F0087BA71 /* Main.storyboard */,
				A35F4B2327E8DB100087BA71 /* LaunchScreen.storyboard */,
			);
			path = Views;
			sourceTree = "<group>";
		};
		A35F4B2E27E8DC190087BA71 /* View Controllers */ = {
			isa = PBXGroup;
			children = (
				A35F4B1C27E8DB0F0087BA71 /* ViewController.swift */,
			);
			path = "View Controllers";
			sourceTree = "<group>";
		};
		A35F4B2F27E8DC2F0087BA71 /* Supporting Files */ = {
			isa = PBXGroup;
			children = (
				A35F4B1827E8DB0F0087BA71 /* AppDelegate.swift */,
				A35F4B1A27E8DB0F0087BA71 /* SceneDelegate.swift */,
				A35F4B2127E8DB100087BA71 /* Assets.xcassets */,
				A37C0D1627EA3FD600A1BBB4 /* Constants.swift */,
			);
			path = "Supporting Files";
			sourceTree = "<group>";
		};
		A35F4B3027E8DC4D0087BA71 /* Models */ = {
			isa = PBXGroup;
			children = (
				A37C0D1427EA3A5A00A1BBB4 /* NetworkManager.swift */,
				A3229FA427EB8997005958EB /* CurrentWeather.swift */,
				A37C0D1827EA4D9C00A1BBB4 /* CurrentWeatherData.swift */,
			);
			path = Models;
			sourceTree = "<group>";
		};
/* End PBXGroup section */

/* Begin PBXNativeTarget section */
		A35F4B1427E8DB0F0087BA71 /* Moment World Weather */ = {
			isa = PBXNativeTarget;
			buildConfigurationList = A35F4B2927E8DB100087BA71 /* Build configuration list for PBXNativeTarget "Moment World Weather" */;
			buildPhases = (
				A35F4B1127E8DB0F0087BA71 /* Sources */,
				A35F4B1227E8DB0F0087BA71 /* Frameworks */,
				A35F4B1327E8DB0F0087BA71 /* Resources */,
			);
			buildRules = (
			);
			dependencies = (
			);
			name = "Moment World Weather";
			productName = "Moment World Weather";
			productReference = A35F4B1527E8DB0F0087BA71 /* Moment World Weather.app */;
			productType = "com.apple.product-type.application";
		};
/* End PBXNativeTarget section */

/* Begin PBXProject section */
		A35F4B0D27E8DB0F0087BA71 /* Project object */ = {
			isa = PBXProject;
			attributes = {
				BuildIndependentTargetsInParallel = 1;
				LastSwiftUpdateCheck = 1310;
				LastUpgradeCheck = 1310;
				TargetAttributes = {
					A35F4B1427E8DB0F0087BA71 = {
						CreatedOnToolsVersion = 13.1;
					};
				};
			};
			buildConfigurationList = A35F4B1027E8DB0F0087BA71 /* Build configuration list for PBXProject "Moment World Weather" */;
			compatibilityVersion = "Xcode 13.0";
			developmentRegion = en;
			hasScannedForEncodings = 0;
			knownRegions = (
				en,
				Base,
			);
			mainGroup = A35F4B0C27E8DB0F0087BA71;
			productRefGroup = A35F4B1627E8DB0F0087BA71 /* Products */;
			projectDirPath = "";
			projectRoot = "";
			targets = (
				A35F4B1427E8DB0F0087BA71 /* Moment World Weather */,
			);
		};
/* End PBXProject section */

/* Begin PBXResourcesBuildPhase section */
		A35F4B1327E8DB0F0087BA71 /* Resources */ = {
			isa = PBXResourcesBuildPhase;
			buildActionMask = 2147483647;
			files = (
				A35F4B2527E8DB100087BA71 /* LaunchScreen.storyboard in Resources */,
				A35F4B2227E8DB100087BA71 /* Assets.xcassets in Resources */,
				A35F4B2027E8DB0F0087BA71 /* Main.storyboard in Resources */,
			);
			runOnlyForDeploymentPostprocessing = 0;
		};
/* End PBXResourcesBuildPhase section */

/* Begin PBXSourcesBuildPhase section */
		A35F4B1127E8DB0F0087BA71 /* Sources */ = {
			isa = PBXSourcesBuildPhase;
			buildActionMask = 2147483647;
			files = (
				A35F4B1D27E8DB0F0087BA71 /* ViewController.swift in Sources */,
				A37C0D1527EA3A5A00A1BBB4 /* NetworkManager.swift in Sources */,
				A3229FA527EB8997005958EB /* CurrentWeather.swift in Sources */,
				A35F4B3327E8EE9B0087BA71 /* AllertController.swift in Sources */,
				A35F4B1927E8DB0F0087BA71 /* AppDelegate.swift in Sources */,
				A35F4B1B27E8DB0F0087BA71 /* SceneDelegate.swift in Sources */,
				A37C0D1927EA4D9C00A1BBB4 /* CurrentWeatherData.swift in Sources */,
				A37C0D1727EA3FD600A1BBB4 /* Constants.swift in Sources */,
			);
			runOnlyForDeploymentPostprocessing = 0;
		};
/* End PBXSourcesBuildPhase section */

/* Begin PBXVariantGroup section */
		A35F4B1E27E8DB0F0087BA71 /* Main.storyboard */ = {
			isa = PBXVariantGroup;
			children = (
				A35F4B1F27E8DB0F0087BA71 /* Base */,
			);
			name = Main.storyboard;
			sourceTree = "<group>";
		};
		A35F4B2327E8DB100087BA71 /* LaunchScreen.storyboard */ = {
			isa = PBXVariantGroup;
			children = (
				A35F4B2427E8DB100087BA71 /* Base */,
			);
			name = LaunchScreen.storyboard;
			sourceTree = "<group>";
		};
/* End PBXVariantGroup section */

/* Begin XCBuildConfiguration section */
		A35F4B2727E8DB100087BA71 /* Debug */ = {
			isa = XCBuildConfiguration;
			buildSettings = {
				ALWAYS_SEARCH_USER_PATHS = NO;
				CLANG_ANALYZER_NONNULL = YES;
				CLANG_ANALYZER_NUMBER_OBJECT_CONVERSION = YES_AGGRESSIVE;
				CLANG_CXX_LANGUAGE_STANDARD = "gnu++17";
				CLANG_CXX_LIBRARY = "libc++";
				CLANG_ENABLE_MODULES = YES;
				CLANG_ENABLE_OBJC_ARC = YES;
				CLANG_ENABLE_OBJC_WEAK = YES;
				CLANG_WARN_BLOCK_CAPTURE_AUTORELEASING = YES;
				CLANG_WARN_BOOL_CONVERSION = YES;
				CLANG_WARN_COMMA = YES;
				CLANG_WARN_CONSTANT_CONVERSION = YES;
				CLANG_WARN_DEPRECATED_OBJC_IMPLEMENTATIONS = YES;
				CLANG_WARN_DIRECT_OBJC_ISA_USAGE = YES_ERROR;
				CLANG_WARN_DOCUMENTATION_COMMENTS = YES;
				CLANG_WARN_EMPTY_BODY = YES;
				CLANG_WARN_ENUM_CONVERSION = YES;
				CLANG_WARN_INFINITE_RECURSION = YES;
				CLANG_WARN_INT_CONVERSION = YES;
				CLANG_WARN_NON_LITERAL_NULL_CONVERSION = YES;
				CLANG_WARN_OBJC_IMPLICIT_RETAIN_SELF = YES;
				CLANG_WARN_OBJC_LITERAL_CONVERSION = YES;
				CLANG_WARN_OBJC_ROOT_CLASS = YES_ERROR;
				CLANG_WARN_QUOTED_INCLUDE_IN_FRAMEWORK_HEADER = YES;
				CLANG_WARN_RANGE_LOOP_ANALYSIS = YES;
				CLANG_WARN_STRICT_PROTOTYPES = YES;
				CLANG_WARN_SUSPICIOUS_MOVE = YES;
				CLANG_WARN_UNGUARDED_AVAILABILITY = YES_AGGRESSIVE;
				CLANG_WARN_UNREACHABLE_CODE = YES;
				CLANG_WARN__DUPLICATE_METHOD_MATCH = YES;
				COPY_PHASE_STRIP = NO;
				DEBUG_INFORMATION_FORMAT = dwarf;
				ENABLE_STRICT_OBJC_MSGSEND = YES;
				ENABLE_TESTABILITY = YES;
				GCC_C_LANGUAGE_STANDARD = gnu11;
				GCC_DYNAMIC_NO_PIC = NO;
				GCC_NO_COMMON_BLOCKS = YES;
				GCC_OPTIMIZATION_LEVEL = 0;
				GCC_PREPROCESSOR_DEFINITIONS = (
					"DEBUG=1",
					"$(inherited)",
				);
				GCC_WARN_64_TO_32_BIT_CONVERSION = YES;
				GCC_WARN_ABOUT_RETURN_TYPE = YES_ERROR;
				GCC_WARN_UNDECLARED_SELECTOR = YES;
				GCC_WARN_UNINITIALIZED_AUTOS = YES_AGGRESSIVE;
				GCC_WARN_UNUSED_FUNCTION = YES;
				GCC_WARN_UNUSED_VARIABLE = YES;
				IPHONEOS_DEPLOYMENT_TARGET = 15.0;
				MTL_ENABLE_DEBUG_INFO = INCLUDE_SOURCE;
				MTL_FAST_MATH = YES;
				ONLY_ACTIVE_ARCH = YES;
				SDKROOT = iphoneos;
				SWIFT_ACTIVE_COMPILATION_CONDITIONS = DEBUG;
				SWIFT_OPTIMIZATION_LEVEL = "-Onone";
			};
			name = Debug;
		};
		A35F4B2827E8DB100087BA71 /* Release */ = {
			isa = XCBuildConfiguration;
			buildSettings = {
				ALWAYS_SEARCH_USER_PATHS = NO;
				CLANG_ANALYZER_NONNULL = YES;
				CLANG_ANALYZER_NUMBER_OBJECT_CONVERSION = YES_AGGRESSIVE;
				CLANG_CXX_LANGUAGE_STANDARD = "gnu++17";
				CLANG_CXX_LIBRARY = "libc++";
				CLANG_ENABLE_MODULES = YES;
				CLANG_ENABLE_OBJC_ARC = YES;
				CLANG_ENABLE_OBJC_WEAK = YES;
				CLANG_WARN_BLOCK_CAPTURE_AUTORELEASING = YES;
				CLANG_WARN_BOOL_CONVERSION = YES;
				CLANG_WARN_COMMA = YES;
				CLANG_WARN_CONSTANT_CONVERSION = YES;
				CLANG_WARN_DEPRECATED_OBJC_IMPLEMENTATIONS = YES;
				CLANG_WARN_DIRECT_OBJC_ISA_USAGE = YES_ERROR;
				CLANG_WARN_DOCUMENTATION_COMMENTS = YES;
				CLANG_WARN_EMPTY_BODY = YES;
				CLANG_WARN_ENUM_CONVERSION = YES;
				CLANG_WARN_INFINITE_RECURSION = YES;
				CLANG_WARN_INT_CONVERSION = YES;
				CLANG_WARN_NON_LITERAL_NULL_CONVERSION = YES;
				CLANG_WARN_OBJC_IMPLICIT_RETAIN_SELF = YES;
				CLANG_WARN_OBJC_LITERAL_CONVERSION = YES;
				CLANG_WARN_OBJC_ROOT_CLASS = YES_ERROR;
				CLANG_WARN_QUOTED_INCLUDE_IN_FRAMEWORK_HEADER = YES;
				CLANG_WARN_RANGE_LOOP_ANALYSIS = YES;
				CLANG_WARN_STRICT_PROTOTYPES = YES;
				CLANG_WARN_SUSPICIOUS_MOVE = YES;
				CLANG_WARN_UNGUARDED_AVAILABILITY = YES_AGGRESSIVE;
				CLANG_WARN_UNREACHABLE_CODE = YES;
				CLANG_WARN__DUPLICATE_METHOD_MATCH = YES;
				COPY_PHASE_STRIP = NO;
				DEBUG_INFORMATION_FORMAT = "dwarf-with-dsym";
				ENABLE_NS_ASSERTIONS = NO;
				ENABLE_STRICT_OBJC_MSGSEND = YES;
				GCC_C_LANGUAGE_STANDARD = gnu11;
				GCC_NO_COMMON_BLOCKS = YES;
				GCC_WARN_64_TO_32_BIT_CONVERSION = YES;
				GCC_WARN_ABOUT_RETURN_TYPE = YES_ERROR;
				GCC_WARN_UNDECLARED_SELECTOR = YES;
				GCC_WARN_UNINITIALIZED_AUTOS = YES_AGGRESSIVE;
				GCC_WARN_UNUSED_FUNCTION = YES;
				GCC_WARN_UNUSED_VARIABLE = YES;
				IPHONEOS_DEPLOYMENT_TARGET = 15.0;
				MTL_ENABLE_DEBUG_INFO = NO;
				MTL_FAST_MATH = YES;
				SDKROOT = iphoneos;
				SWIFT_COMPILATION_MODE = wholemodule;
				SWIFT_OPTIMIZATION_LEVEL = "-O";
				VALIDATE_PRODUCT = YES;
			};
			name = Release;
		};
		A35F4B2A27E8DB100087BA71 /* Debug */ = {
			isa = XCBuildConfiguration;
			buildSettings = {
				ASSETCATALOG_COMPILER_APPICON_NAME = AppIcon;
				ASSETCATALOG_COMPILER_GLOBAL_ACCENT_COLOR_NAME = AccentColor;
				CODE_SIGN_STYLE = Automatic;
				CURRENT_PROJECT_VERSION = 1;
				DEVELOPMENT_TEAM = SDLP5C8V69;
				GENERATE_INFOPLIST_FILE = YES;
				INFOPLIST_FILE = "Moment World Weather/Info.plist";
				INFOPLIST_KEY_UIApplicationSupportsIndirectInputEvents = YES;
				INFOPLIST_KEY_UILaunchStoryboardName = LaunchScreen;
				INFOPLIST_KEY_UIMainStoryboardFile = Main;
				INFOPLIST_KEY_UISupportedInterfaceOrientations_iPad = "UIInterfaceOrientationPortrait UIInterfaceOrientationPortraitUpsideDown UIInterfaceOrientationLandscapeLeft UIInterfaceOrientationLandscapeRight";
				INFOPLIST_KEY_UISupportedInterfaceOrientations_iPhone = "UIInterfaceOrientationPortrait UIInterfaceOrientationLandscapeLeft UIInterfaceOrientationLandscapeRight";
				LD_RUNPATH_SEARCH_PATHS = (
					"$(inherited)",
					"@executable_path/Frameworks",
				);
				MARKETING_VERSION = 1.0;
				PRODUCT_BUNDLE_IDENTIFIER = "Dmitrii-Martynov.Moment-World-Weather";
				PRODUCT_NAME = "$(TARGET_NAME)";
				SWIFT_EMIT_LOC_STRINGS = YES;
				SWIFT_VERSION = 5.0;
				TARGETED_DEVICE_FAMILY = "1,2";
			};
			name = Debug;
		};
		A35F4B2B27E8DB100087BA71 /* Release */ = {
			isa = XCBuildConfiguration;
			buildSettings = {
				ASSETCATALOG_COMPILER_APPICON_NAME = AppIcon;
				ASSETCATALOG_COMPILER_GLOBAL_ACCENT_COLOR_NAME = AccentColor;
				CODE_SIGN_STYLE = Automatic;
				CURRENT_PROJECT_VERSION = 1;
				DEVELOPMENT_TEAM = SDLP5C8V69;
				GENERATE_INFOPLIST_FILE = YES;
				INFOPLIST_FILE = "Moment World Weather/Info.plist";
				INFOPLIST_KEY_UIApplicationSupportsIndirectInputEvents = YES;
				INFOPLIST_KEY_UILaunchStoryboardName = LaunchScreen;
				INFOPLIST_KEY_UIMainStoryboardFile = Main;
				INFOPLIST_KEY_UISupportedInterfaceOrientations_iPad = "UIInterfaceOrientationPortrait UIInterfaceOrientationPortraitUpsideDown UIInterfaceOrientationLandscapeLeft UIInterfaceOrientationLandscapeRight";
				INFOPLIST_KEY_UISupportedInterfaceOrientations_iPhone = "UIInterfaceOrientationPortrait UIInterfaceOrientationLandscapeLeft UIInterfaceOrientationLandscapeRight";
				LD_RUNPATH_SEARCH_PATHS = (
					"$(inherited)",
					"@executable_path/Frameworks",
				);
				MARKETING_VERSION = 1.0;
				PRODUCT_BUNDLE_IDENTIFIER = "Dmitrii-Martynov.Moment-World-Weather";
				PRODUCT_NAME = "$(TARGET_NAME)";
				SWIFT_EMIT_LOC_STRINGS = YES;
				SWIFT_VERSION = 5.0;
				TARGETED_DEVICE_FAMILY = "1,2";
			};
			name = Release;
		};
/* End XCBuildConfiguration section */

/* Begin XCConfigurationList section */
		A35F4B1027E8DB0F0087BA71 /* Build configuration list for PBXProject "Moment World Weather" */ = {
			isa = XCConfigurationList;
			buildConfigurations = (
				A35F4B2727E8DB100087BA71 /* Debug */,
				A35F4B2827E8DB100087BA71 /* Release */,
			);
			defaultConfigurationIsVisible = 0;
			defaultConfigurationName = Release;
		};
		A35F4B2927E8DB100087BA71 /* Build configuration list for PBXNativeTarget "Moment World Weather" */ = {
			isa = XCConfigurationList;
			buildConfigurations = (
				A35F4B2A27E8DB100087BA71 /* Debug */,
				A35F4B2B27E8DB100087BA71 /* Release */,
			);
			defaultConfigurationIsVisible = 0;
			defaultConfigurationName = Release;
		};
/* End XCConfigurationList section */
	};
	rootObject = A35F4B0D27E8DB0F0087BA71 /* Project object */;
}
